// !$*UTF8*$!
{
	archiveVersion = 1;
	classes = {
	};
	objectVersion = 46;
	objects = {

/* Begin PBXBuildFile section */
		CB0E723416D6896900F2B9CA /* UIKit.framework in Frameworks */ = {isa = PBXBuildFile; fileRef = CB0E723316D6896900F2B9CA /* UIKit.framework */; };
		CB0E723616D6896900F2B9CA /* Foundation.framework in Frameworks */ = {isa = PBXBuildFile; fileRef = CB0E723516D6896900F2B9CA /* Foundation.framework */; };
		CB0E723816D6896900F2B9CA /* CoreGraphics.framework in Frameworks */ = {isa = PBXBuildFile; fileRef = CB0E723716D6896900F2B9CA /* CoreGraphics.framework */; };
		CB0E723E16D6896900F2B9CA /* InfoPlist.strings in Resources */ = {isa = PBXBuildFile; fileRef = CB0E723C16D6896900F2B9CA /* InfoPlist.strings */; };
		CB0E724016D6896900F2B9CA /* main.m in Sources */ = {isa = PBXBuildFile; fileRef = CB0E723F16D6896900F2B9CA /* main.m */; };
		CB0E724416D6896900F2B9CA /* EXAppDelegate.m in Sources */ = {isa = PBXBuildFile; fileRef = CB0E724316D6896900F2B9CA /* EXAppDelegate.m */; };
		CB0E724616D6896900F2B9CA /* Default.png in Resources */ = {isa = PBXBuildFile; fileRef = CB0E724516D6896900F2B9CA /* Default.png */; };
		CB0E724816D6896900F2B9CA /* Default@2x.png in Resources */ = {isa = PBXBuildFile; fileRef = CB0E724716D6896900F2B9CA /* Default@2x.png */; };
		CB0E724A16D6896900F2B9CA /* Default-568h@2x.png in Resources */ = {isa = PBXBuildFile; fileRef = CB0E724916D6896900F2B9CA /* Default-568h@2x.png */; };
		CB0E724D16D6896900F2B9CA /* MainStoryboard.storyboard in Resources */ = {isa = PBXBuildFile; fileRef = CB0E724B16D6896900F2B9CA /* MainStoryboard.storyboard */; };
		CB0E725016D6896900F2B9CA /* EXViewController.m in Sources */ = {isa = PBXBuildFile; fileRef = CB0E724F16D6896900F2B9CA /* EXViewController.m */; };
		CB0E725B16D6899B00F2B9CA /* EXDrawing.m in Sources */ = {isa = PBXBuildFile; fileRef = CB0E725A16D6899B00F2B9CA /* EXDrawing.m */; };
		CB0E725E16D6B29200F2B9CA /* EXDrawingView.m in Sources */ = {isa = PBXBuildFile; fileRef = CB0E725D16D6B29200F2B9CA /* EXDrawingView.m */; };
		CB0E726116D6D0D500F2B9CA /* EXDrawSettingsViewController.m in Sources */ = {isa = PBXBuildFile; fileRef = CB0E726016D6D0D500F2B9CA /* EXDrawSettingsViewController.m */; };
		CBB8486416DD4C5C00E0B340 /* UIButton+Glossy.m in Sources */ = {isa = PBXBuildFile; fileRef = CBB8486316DD4C5C00E0B340 /* UIButton+Glossy.m */; settings = {COMPILER_FLAGS = "-fno-objc-arc"; }; };
		CBB8486616DD4C6400E0B340 /* QuartzCore.framework in Frameworks */ = {isa = PBXBuildFile; fileRef = CBB8486516DD4C6400E0B340 /* QuartzCore.framework */; };
		CBB8488116DD717400E0B340 /* CFNetwork.framework in Frameworks */ = {isa = PBXBuildFile; fileRef = CBB8488016DD717400E0B340 /* CFNetwork.framework */; };
		CBB8488316DD717A00E0B340 /* CoreData.framework in Frameworks */ = {isa = PBXBuildFile; fileRef = CBB8488216DD717A00E0B340 /* CoreData.framework */; };
		CBB8488516DD718100E0B340 /* MobileCoreServices.framework in Frameworks */ = {isa = PBXBuildFile; fileRef = CBB8488416DD718100E0B340 /* MobileCoreServices.framework */; };
		CBB8488716DD718800E0B340 /* Security.framework in Frameworks */ = {isa = PBXBuildFile; fileRef = CBB8488616DD718800E0B340 /* Security.framework */; };
		CBB8488916DD719200E0B340 /* SystemConfiguration.framework in Frameworks */ = {isa = PBXBuildFile; fileRef = CBB8488816DD719200E0B340 /* SystemConfiguration.framework */; };
		CBB8489216DEA30A00E0B340 /* EXRecognitionVerificationViewController.m in Sources */ = {isa = PBXBuildFile; fileRef = CBB8489116DEA30A00E0B340 /* EXRecognitionVerificationViewController.m */; };
		CBDF108A16E69C4700B226E5 /* EXRecognizedExpression.m in Sources */ = {isa = PBXBuildFile; fileRef = CBDF108716E69C4700B226E5 /* EXRecognizedExpression.m */; };
		CBDF108B16E69C4700B226E5 /* EXRecognizedSymbol.m in Sources */ = {isa = PBXBuildFile; fileRef = CBDF108916E69C4700B226E5 /* EXRecognizedSymbol.m */; };
/* End PBXBuildFile section */

/* Begin PBXFileReference section */
		CB0E723016D6896900F2B9CA /* Expresso.app */ = {isa = PBXFileReference; explicitFileType = wrapper.application; includeInIndex = 0; path = Expresso.app; sourceTree = BUILT_PRODUCTS_DIR; };
		CB0E723316D6896900F2B9CA /* UIKit.framework */ = {isa = PBXFileReference; lastKnownFileType = wrapper.framework; name = UIKit.framework; path = System/Library/Frameworks/UIKit.framework; sourceTree = SDKROOT; };
		CB0E723516D6896900F2B9CA /* Foundation.framework */ = {isa = PBXFileReference; lastKnownFileType = wrapper.framework; name = Foundation.framework; path = System/Library/Frameworks/Foundation.framework; sourceTree = SDKROOT; };
		CB0E723716D6896900F2B9CA /* CoreGraphics.framework */ = {isa = PBXFileReference; lastKnownFileType = wrapper.framework; name = CoreGraphics.framework; path = System/Library/Frameworks/CoreGraphics.framework; sourceTree = SDKROOT; };
		CB0E723B16D6896900F2B9CA /* Expresso-Info.plist */ = {isa = PBXFileReference; lastKnownFileType = text.plist.xml; path = "Expresso-Info.plist"; sourceTree = "<group>"; };
		CB0E723D16D6896900F2B9CA /* en */ = {isa = PBXFileReference; lastKnownFileType = text.plist.strings; name = en; path = en.lproj/InfoPlist.strings; sourceTree = "<group>"; };
		CB0E723F16D6896900F2B9CA /* main.m */ = {isa = PBXFileReference; lastKnownFileType = sourcecode.c.objc; path = main.m; sourceTree = "<group>"; };
		CB0E724116D6896900F2B9CA /* Expresso-Prefix.pch */ = {isa = PBXFileReference; lastKnownFileType = sourcecode.c.h; path = "Expresso-Prefix.pch"; sourceTree = "<group>"; };
		CB0E724216D6896900F2B9CA /* EXAppDelegate.h */ = {isa = PBXFileReference; lastKnownFileType = sourcecode.c.h; path = EXAppDelegate.h; sourceTree = "<group>"; };
		CB0E724316D6896900F2B9CA /* EXAppDelegate.m */ = {isa = PBXFileReference; lastKnownFileType = sourcecode.c.objc; path = EXAppDelegate.m; sourceTree = "<group>"; };
		CB0E724516D6896900F2B9CA /* Default.png */ = {isa = PBXFileReference; lastKnownFileType = image.png; path = Default.png; sourceTree = "<group>"; };
		CB0E724716D6896900F2B9CA /* Default@2x.png */ = {isa = PBXFileReference; lastKnownFileType = image.png; path = "Default@2x.png"; sourceTree = "<group>"; };
		CB0E724916D6896900F2B9CA /* Default-568h@2x.png */ = {isa = PBXFileReference; lastKnownFileType = image.png; path = "Default-568h@2x.png"; sourceTree = "<group>"; };
		CB0E724C16D6896900F2B9CA /* en */ = {isa = PBXFileReference; lastKnownFileType = file.storyboard; name = en; path = en.lproj/MainStoryboard.storyboard; sourceTree = "<group>"; };
		CB0E724E16D6896900F2B9CA /* EXViewController.h */ = {isa = PBXFileReference; lastKnownFileType = sourcecode.c.h; path = EXViewController.h; sourceTree = "<group>"; };
		CB0E724F16D6896900F2B9CA /* EXViewController.m */ = {isa = PBXFileReference; lastKnownFileType = sourcecode.c.objc; path = EXViewController.m; sourceTree = "<group>"; };
		CB0E725916D6899B00F2B9CA /* EXDrawing.h */ = {isa = PBXFileReference; fileEncoding = 4; lastKnownFileType = sourcecode.c.h; path = EXDrawing.h; sourceTree = "<group>"; };
		CB0E725A16D6899B00F2B9CA /* EXDrawing.m */ = {isa = PBXFileReference; fileEncoding = 4; lastKnownFileType = sourcecode.c.objc; path = EXDrawing.m; sourceTree = "<group>"; };
		CB0E725C16D6B29200F2B9CA /* EXDrawingView.h */ = {isa = PBXFileReference; fileEncoding = 4; lastKnownFileType = sourcecode.c.h; path = EXDrawingView.h; sourceTree = "<group>"; };
		CB0E725D16D6B29200F2B9CA /* EXDrawingView.m */ = {isa = PBXFileReference; fileEncoding = 4; lastKnownFileType = sourcecode.c.objc; path = EXDrawingView.m; sourceTree = "<group>"; };
		CB0E725F16D6D0D500F2B9CA /* EXDrawSettingsViewController.h */ = {isa = PBXFileReference; fileEncoding = 4; lastKnownFileType = sourcecode.c.h; path = EXDrawSettingsViewController.h; sourceTree = "<group>"; };
		CB0E726016D6D0D500F2B9CA /* EXDrawSettingsViewController.m */ = {isa = PBXFileReference; fileEncoding = 4; lastKnownFileType = sourcecode.c.objc; path = EXDrawSettingsViewController.m; sourceTree = "<group>"; };
		CBB8486216DD4C5C00E0B340 /* UIButton+Glossy.h */ = {isa = PBXFileReference; fileEncoding = 4; lastKnownFileType = sourcecode.c.h; path = "UIButton+Glossy.h"; sourceTree = "<group>"; };
		CBB8486316DD4C5C00E0B340 /* UIButton+Glossy.m */ = {isa = PBXFileReference; fileEncoding = 4; lastKnownFileType = sourcecode.c.objc; path = "UIButton+Glossy.m"; sourceTree = "<group>"; };
		CBB8486516DD4C6400E0B340 /* QuartzCore.framework */ = {isa = PBXFileReference; lastKnownFileType = wrapper.framework; name = QuartzCore.framework; path = System/Library/Frameworks/QuartzCore.framework; sourceTree = SDKROOT; };
		CBB8488016DD717400E0B340 /* CFNetwork.framework */ = {isa = PBXFileReference; lastKnownFileType = wrapper.framework; name = CFNetwork.framework; path = System/Library/Frameworks/CFNetwork.framework; sourceTree = SDKROOT; };
		CBB8488216DD717A00E0B340 /* CoreData.framework */ = {isa = PBXFileReference; lastKnownFileType = wrapper.framework; name = CoreData.framework; path = System/Library/Frameworks/CoreData.framework; sourceTree = SDKROOT; };
		CBB8488416DD718100E0B340 /* MobileCoreServices.framework */ = {isa = PBXFileReference; lastKnownFileType = wrapper.framework; name = MobileCoreServices.framework; path = System/Library/Frameworks/MobileCoreServices.framework; sourceTree = SDKROOT; };
		CBB8488616DD718800E0B340 /* Security.framework */ = {isa = PBXFileReference; lastKnownFileType = wrapper.framework; name = Security.framework; path = System/Library/Frameworks/Security.framework; sourceTree = SDKROOT; };
		CBB8488816DD719200E0B340 /* SystemConfiguration.framework */ = {isa = PBXFileReference; lastKnownFileType = wrapper.framework; name = SystemConfiguration.framework; path = System/Library/Frameworks/SystemConfiguration.framework; sourceTree = SDKROOT; };
		CBB8489016DEA30A00E0B340 /* EXRecognitionVerificationViewController.h */ = {isa = PBXFileReference; fileEncoding = 4; lastKnownFileType = sourcecode.c.h; path = EXRecognitionVerificationViewController.h; sourceTree = "<group>"; };
		CBB8489116DEA30A00E0B340 /* EXRecognitionVerificationViewController.m */ = {isa = PBXFileReference; fileEncoding = 4; lastKnownFileType = sourcecode.c.objc; path = EXRecognitionVerificationViewController.m; sourceTree = "<group>"; };
		CBDF108616E69C4700B226E5 /* EXRecognizedExpression.h */ = {isa = PBXFileReference; fileEncoding = 4; lastKnownFileType = sourcecode.c.h; path = EXRecognizedExpression.h; sourceTree = "<group>"; };
		CBDF108716E69C4700B226E5 /* EXRecognizedExpression.m */ = {isa = PBXFileReference; fileEncoding = 4; lastKnownFileType = sourcecode.c.objc; path = EXRecognizedExpression.m; sourceTree = "<group>"; };
		CBDF108816E69C4700B226E5 /* EXRecognizedSymbol.h */ = {isa = PBXFileReference; fileEncoding = 4; lastKnownFileType = sourcecode.c.h; path = EXRecognizedSymbol.h; sourceTree = "<group>"; };
		CBDF108916E69C4700B226E5 /* EXRecognizedSymbol.m */ = {isa = PBXFileReference; fileEncoding = 4; lastKnownFileType = sourcecode.c.objc; path = EXRecognizedSymbol.m; sourceTree = "<group>"; };
/* End PBXFileReference section */

/* Begin PBXFrameworksBuildPhase section */
		CB0E722D16D6896900F2B9CA /* Frameworks */ = {
			isa = PBXFrameworksBuildPhase;
			buildActionMask = 2147483647;
			files = (
				CBB8488916DD719200E0B340 /* SystemConfiguration.framework in Frameworks */,
				CBB8488716DD718800E0B340 /* Security.framework in Frameworks */,
				CBB8488516DD718100E0B340 /* MobileCoreServices.framework in Frameworks */,
				CBB8488316DD717A00E0B340 /* CoreData.framework in Frameworks */,
				CBB8488116DD717400E0B340 /* CFNetwork.framework in Frameworks */,
				CBB8486616DD4C6400E0B340 /* QuartzCore.framework in Frameworks */,
				CB0E723416D6896900F2B9CA /* UIKit.framework in Frameworks */,
				CB0E723616D6896900F2B9CA /* Foundation.framework in Frameworks */,
				CB0E723816D6896900F2B9CA /* CoreGraphics.framework in Frameworks */,
			);
			runOnlyForDeploymentPostprocessing = 0;
		};
/* End PBXFrameworksBuildPhase section */

/* Begin PBXGroup section */
		CB0E722716D6896900F2B9CA = {
			isa = PBXGroup;
			children = (
				CB0E723916D6896900F2B9CA /* Expresso */,
				CB0E723216D6896900F2B9CA /* Frameworks */,
				CB0E723116D6896900F2B9CA /* Products */,
			);
			sourceTree = "<group>";
		};
		CB0E723116D6896900F2B9CA /* Products */ = {
			isa = PBXGroup;
			children = (
				CB0E723016D6896900F2B9CA /* Expresso.app */,
			);
			name = Products;
			sourceTree = "<group>";
		};
		CB0E723216D6896900F2B9CA /* Frameworks */ = {
			isa = PBXGroup;
			children = (
				CB0E723316D6896900F2B9CA /* UIKit.framework */,
				CB0E723516D6896900F2B9CA /* Foundation.framework */,
				CB0E723716D6896900F2B9CA /* CoreGraphics.framework */,
			);
			name = Frameworks;
			sourceTree = "<group>";
		};
		CB0E723916D6896900F2B9CA /* Expresso */ = {
			isa = PBXGroup;
			children = (
				CB0E725816D6897A00F2B9CA /* Models */,
				CB0E725716D6897500F2B9CA /* Controllers */,
				CB0E725616D6897000F2B9CA /* Views */,
				CB0E724B16D6896900F2B9CA /* MainStoryboard.storyboard */,
				CB0E723A16D6896900F2B9CA /* Supporting Files */,
			);
			path = Expresso;
			sourceTree = "<group>";
		};
		CB0E723A16D6896900F2B9CA /* Supporting Files */ = {
			isa = PBXGroup;
			children = (
				CBB8488816DD719200E0B340 /* SystemConfiguration.framework */,
				CBB8488616DD718800E0B340 /* Security.framework */,
				CBB8488416DD718100E0B340 /* MobileCoreServices.framework */,
				CBB8488216DD717A00E0B340 /* CoreData.framework */,
				CBB8488016DD717400E0B340 /* CFNetwork.framework */,
				CBB8486516DD4C6400E0B340 /* QuartzCore.framework */,
				CBB8486A16DD4FDF00E0B340 /* Buttons */,
				CB0E724216D6896900F2B9CA /* EXAppDelegate.h */,
				CB0E724316D6896900F2B9CA /* EXAppDelegate.m */,
				CB0E723B16D6896900F2B9CA /* Expresso-Info.plist */,
				CB0E723C16D6896900F2B9CA /* InfoPlist.strings */,
				CB0E723F16D6896900F2B9CA /* main.m */,
				CB0E724116D6896900F2B9CA /* Expresso-Prefix.pch */,
				CB0E724516D6896900F2B9CA /* Default.png */,
				CB0E724716D6896900F2B9CA /* Default@2x.png */,
				CB0E724916D6896900F2B9CA /* Default-568h@2x.png */,
			);
			name = "Supporting Files";
			sourceTree = "<group>";
		};
		CB0E725616D6897000F2B9CA /* Views */ = {
			isa = PBXGroup;
			children = (
				CB0E725C16D6B29200F2B9CA /* EXDrawingView.h */,
				CB0E725D16D6B29200F2B9CA /* EXDrawingView.m */,
			);
			name = Views;
			sourceTree = "<group>";
		};
		CB0E725716D6897500F2B9CA /* Controllers */ = {
			isa = PBXGroup;
			children = (
				CBB8489016DEA30A00E0B340 /* EXRecognitionVerificationViewController.h */,
				CBB8489116DEA30A00E0B340 /* EXRecognitionVerificationViewController.m */,
				CB0E725F16D6D0D500F2B9CA /* EXDrawSettingsViewController.h */,
				CB0E726016D6D0D500F2B9CA /* EXDrawSettingsViewController.m */,
				CB0E724E16D6896900F2B9CA /* EXViewController.h */,
				CB0E724F16D6896900F2B9CA /* EXViewController.m */,
			);
			name = Controllers;
			sourceTree = "<group>";
		};
		CB0E725816D6897A00F2B9CA /* Models */ = {
			isa = PBXGroup;
			children = (
				CBDF108616E69C4700B226E5 /* EXRecognizedExpression.h */,
				CBDF108716E69C4700B226E5 /* EXRecognizedExpression.m */,
				CBDF108816E69C4700B226E5 /* EXRecognizedSymbol.h */,
				CBDF108916E69C4700B226E5 /* EXRecognizedSymbol.m */,
				CB0E725916D6899B00F2B9CA /* EXDrawing.h */,
				CB0E725A16D6899B00F2B9CA /* EXDrawing.m */,
			);
			name = Models;
			sourceTree = "<group>";
		};
		CBB8486A16DD4FDF00E0B340 /* Buttons */ = {
			isa = PBXGroup;
			children = (
				CBB8486216DD4C5C00E0B340 /* UIButton+Glossy.h */,
				CBB8486316DD4C5C00E0B340 /* UIButton+Glossy.m */,
			);
			name = Buttons;
			sourceTree = "<group>";
		};
/* End PBXGroup section */

/* Begin PBXNativeTarget section */
		CB0E722F16D6896900F2B9CA /* Expresso */ = {
			isa = PBXNativeTarget;
			buildConfigurationList = CB0E725316D6896900F2B9CA /* Build configuration list for PBXNativeTarget "Expresso" */;
			buildPhases = (
				CB0E722C16D6896900F2B9CA /* Sources */,
				CB0E722D16D6896900F2B9CA /* Frameworks */,
				CB0E722E16D6896900F2B9CA /* Resources */,
			);
			buildRules = (
			);
			dependencies = (
			);
			name = Expresso;
			productName = Expresso;
			productReference = CB0E723016D6896900F2B9CA /* Expresso.app */;
			productType = "com.apple.product-type.application";
		};
/* End PBXNativeTarget section */

/* Begin PBXProject section */
		CB0E722816D6896900F2B9CA /* Project object */ = {
			isa = PBXProject;
			attributes = {
				CLASSPREFIX = EX;
				LastUpgradeCheck = 0460;
				ORGANIZATIONNAME = "Josef Lange & Daniel Guilak";
			};
			buildConfigurationList = CB0E722B16D6896900F2B9CA /* Build configuration list for PBXProject "Expresso" */;
			compatibilityVersion = "Xcode 3.2";
			developmentRegion = English;
			hasScannedForEncodings = 0;
			knownRegions = (
				en,
			);
			mainGroup = CB0E722716D6896900F2B9CA;
			productRefGroup = CB0E723116D6896900F2B9CA /* Products */;
			projectDirPath = "";
			projectRoot = "";
			targets = (
				CB0E722F16D6896900F2B9CA /* Expresso */,
			);
		};
/* End PBXProject section */

/* Begin PBXResourcesBuildPhase section */
		CB0E722E16D6896900F2B9CA /* Resources */ = {
			isa = PBXResourcesBuildPhase;
			buildActionMask = 2147483647;
			files = (
				CB0E723E16D6896900F2B9CA /* InfoPlist.strings in Resources */,
				CB0E724616D6896900F2B9CA /* Default.png in Resources */,
				CB0E724816D6896900F2B9CA /* Default@2x.png in Resources */,
				CB0E724A16D6896900F2B9CA /* Default-568h@2x.png in Resources */,
				CB0E724D16D6896900F2B9CA /* MainStoryboard.storyboard in Resources */,
			);
			runOnlyForDeploymentPostprocessing = 0;
		};
/* End PBXResourcesBuildPhase section */

/* Begin PBXSourcesBuildPhase section */
		CB0E722C16D6896900F2B9CA /* Sources */ = {
			isa = PBXSourcesBuildPhase;
			buildActionMask = 2147483647;
			files = (
				CB0E724016D6896900F2B9CA /* main.m in Sources */,
				CB0E724416D6896900F2B9CA /* EXAppDelegate.m in Sources */,
				CB0E725016D6896900F2B9CA /* EXViewController.m in Sources */,
				CB0E725B16D6899B00F2B9CA /* EXDrawing.m in Sources */,
				CB0E725E16D6B29200F2B9CA /* EXDrawingView.m in Sources */,
				CB0E726116D6D0D500F2B9CA /* EXDrawSettingsViewController.m in Sources */,
				CBB8486416DD4C5C00E0B340 /* UIButton+Glossy.m in Sources */,
				CBB8489216DEA30A00E0B340 /* EXRecognitionVerificationViewController.m in Sources */,
				CBDF108A16E69C4700B226E5 /* EXRecognizedExpression.m in Sources */,
				CBDF108B16E69C4700B226E5 /* EXRecognizedSymbol.m in Sources */,
			);
			runOnlyForDeploymentPostprocessing = 0;
		};
/* End PBXSourcesBuildPhase section */

/* Begin PBXVariantGroup section */
		CB0E723C16D6896900F2B9CA /* InfoPlist.strings */ = {
			isa = PBXVariantGroup;
			children = (
				CB0E723D16D6896900F2B9CA /* en */,
			);
			name = InfoPlist.strings;
			sourceTree = "<group>";
		};
		CB0E724B16D6896900F2B9CA /* MainStoryboard.storyboard */ = {
			isa = PBXVariantGroup;
			children = (
				CB0E724C16D6896900F2B9CA /* en */,
			);
			name = MainStoryboard.storyboard;
			sourceTree = "<group>";
		};
/* End PBXVariantGroup section */

/* Begin XCBuildConfiguration section */
		CB0E725116D6896900F2B9CA /* Debug */ = {
			isa = XCBuildConfiguration;
			buildSettings = {
				ALWAYS_SEARCH_USER_PATHS = NO;
				CLANG_CXX_LANGUAGE_STANDARD = "gnu++0x";
				CLANG_CXX_LIBRARY = "libc++";
				CLANG_ENABLE_OBJC_ARC = YES;
				CLANG_WARN_CONSTANT_CONVERSION = YES;
				CLANG_WARN_EMPTY_BODY = YES;
				CLANG_WARN_ENUM_CONVERSION = YES;
				CLANG_WARN_INT_CONVERSION = YES;
				CLANG_WARN__DUPLICATE_METHOD_MATCH = YES;
				"CODE_SIGN_IDENTITY[sdk=iphoneos*]" = "iPhone Developer";
				COPY_PHASE_STRIP = NO;
				GCC_C_LANGUAGE_STANDARD = gnu99;
				GCC_DYNAMIC_NO_PIC = NO;
				GCC_OPTIMIZATION_LEVEL = 0;
				GCC_PREPROCESSOR_DEFINITIONS = (
					"DEBUG=1",
					"$(inherited)",
				);
				GCC_SYMBOLS_PRIVATE_EXTERN = NO;
				GCC_WARN_ABOUT_RETURN_TYPE = YES;
				GCC_WARN_UNINITIALIZED_AUTOS = YES;
				GCC_WARN_UNUSED_VARIABLE = YES;
				IPHONEOS_DEPLOYMENT_TARGET = 5.1;
				ONLY_ACTIVE_ARCH = YES;
				SDKROOT = iphoneos;
				TARGETED_DEVICE_FAMILY = 2;
			};
			name = Debug;
		};
		CB0E725216D6896900F2B9CA /* Release */ = {
			isa = XCBuildConfiguration;
			buildSettings = {
				ALWAYS_SEARCH_USER_PATHS = NO;
				CLANG_CXX_LANGUAGE_STANDARD = "gnu++0x";
				CLANG_CXX_LIBRARY = "libc++";
				CLANG_ENABLE_OBJC_ARC = YES;
				CLANG_WARN_CONSTANT_CONVERSION = YES;
				CLANG_WARN_EMPTY_BODY = YES;
				CLANG_WARN_ENUM_CONVERSION = YES;
				CLANG_WARN_INT_CONVERSION = YES;
				CLANG_WARN__DUPLICATE_METHOD_MATCH = YES;
				"CODE_SIGN_IDENTITY[sdk=iphoneos*]" = "iPhone Developer";
				COPY_PHASE_STRIP = YES;
				GCC_C_LANGUAGE_STANDARD = gnu99;
				GCC_WARN_ABOUT_RETURN_TYPE = YES;
				GCC_WARN_UNINITIALIZED_AUTOS = YES;
				GCC_WARN_UNUSED_VARIABLE = YES;
				IPHONEOS_DEPLOYMENT_TARGET = 5.1;
				OTHER_CFLAGS = "-DNS_BLOCK_ASSERTIONS=1";
				SDKROOT = iphoneos;
				TARGETED_DEVICE_FAMILY = 2;
				VALIDATE_PRODUCT = YES;
			};
			name = Release;
		};
		CB0E725416D6896900F2B9CA /* Debug */ = {
			isa = XCBuildConfiguration;
			buildSettings = {
				GCC_PRECOMPILE_PREFIX_HEADER = YES;
				GCC_PREFIX_HEADER = "Expresso/Expresso-Prefix.pch";
				HEADER_SEARCH_PATHS = "\"$(BUILT_PRODUCTS_DIR)/../../Headers\"";
				INFOPLIST_FILE = "Expresso/Expresso-Info.plist";
				IPHONEOS_DEPLOYMENT_TARGET = 5.1;
				OTHER_LDFLAGS = "-ObjC";
				PRODUCT_NAME = "$(TARGET_NAME)";
				WRAPPER_EXTENSION = app;
			};
			name = Debug;
		};
		CB0E725516D6896900F2B9CA /* Release */ = {
			isa = XCBuildConfiguration;
			buildSettings = {
				GCC_PRECOMPILE_PREFIX_HEADER = YES;
				GCC_PREFIX_HEADER = "Expresso/Expresso-Prefix.pch";
				HEADER_SEARCH_PATHS = "\"$(BUILT_PRODUCTS_DIR)/../../Headers\"";
				INFOPLIST_FILE = "Expresso/Expresso-Info.plist";
				IPHONEOS_DEPLOYMENT_TARGET = 5.1;
				OTHER_LDFLAGS = "-ObjC";
				PRODUCT_NAME = "$(TARGET_NAME)";
				WRAPPER_EXTENSION = app;
			};
			name = Release;
		};
/* End XCBuildConfiguration section */

/* Begin XCConfigurationList section */
		CB0E722B16D6896900F2B9CA /* Build configuration list for PBXProject "Expresso" */ = {
			isa = XCConfigurationList;
			buildConfigurations = (
				CB0E725116D6896900F2B9CA /* Debug */,
				CB0E725216D6896900F2B9CA /* Release */,
			);
			defaultConfigurationIsVisible = 0;
			defaultConfigurationName = Release;
		};
		CB0E725316D6896900F2B9CA /* Build configuration list for PBXNativeTarget "Expresso" */ = {
			isa = XCConfigurationList;
			buildConfigurations = (
				CB0E725416D6896900F2B9CA /* Debug */,
				CB0E725516D6896900F2B9CA /* Release */,
			);
			defaultConfigurationIsVisible = 0;
			defaultConfigurationName = Release;
		};
/* End XCConfigurationList section */
	};
	rootObject = CB0E722816D6896900F2B9CA /* Project object */;
}
